// !$*UTF8*$!
{
	archiveVersion = 1;
	classes = {
	};
	objectVersion = 50;
	objects = {

/* Begin PBXBuildFile section */
		2F6EC358AB563E63FD8CD60B /* Pods_CovidStats.framework in Frameworks */ = {isa = PBXBuildFile; fileRef = C60CDFD655A0E8E3B13B6DDD /* Pods_CovidStats.framework */; };
		C098813E2484476100093B52 /* AppDelegate.swift in Sources */ = {isa = PBXBuildFile; fileRef = C098813D2484476100093B52 /* AppDelegate.swift */; };
		C09881402484476100093B52 /* SceneDelegate.swift in Sources */ = {isa = PBXBuildFile; fileRef = C098813F2484476100093B52 /* SceneDelegate.swift */; };
		C09881422484476100093B52 /* MainViewController.swift in Sources */ = {isa = PBXBuildFile; fileRef = C09881412484476100093B52 /* MainViewController.swift */; };
		C09881452484476100093B52 /* Main.storyboard in Resources */ = {isa = PBXBuildFile; fileRef = C09881432484476100093B52 /* Main.storyboard */; };
		C09881472484476200093B52 /* Assets.xcassets in Resources */ = {isa = PBXBuildFile; fileRef = C09881462484476200093B52 /* Assets.xcassets */; };
		C098814A2484476200093B52 /* LaunchScreen.storyboard in Resources */ = {isa = PBXBuildFile; fileRef = C09881482484476200093B52 /* LaunchScreen.storyboard */; };
		C098815424844AEE00093B52 /* Countries.swift in Sources */ = {isa = PBXBuildFile; fileRef = C098815324844AEE00093B52 /* Countries.swift */; };
/* End PBXBuildFile section */

/* Begin PBXFileReference section */
		07F5149E4BBBD0D31B322187 /* Pods-CovidStats.release.xcconfig */ = {isa = PBXFileReference; includeInIndex = 1; lastKnownFileType = text.xcconfig; name = "Pods-CovidStats.release.xcconfig"; path = "Target Support Files/Pods-CovidStats/Pods-CovidStats.release.xcconfig"; sourceTree = "<group>"; };
		219DDA5E9C5C36E4616F2755 /* Pods-CovidStats.debug.xcconfig */ = {isa = PBXFileReference; includeInIndex = 1; lastKnownFileType = text.xcconfig; name = "Pods-CovidStats.debug.xcconfig"; path = "Target Support Files/Pods-CovidStats/Pods-CovidStats.debug.xcconfig"; sourceTree = "<group>"; };
		C098813A2484476100093B52 /* CovidStats.app */ = {isa = PBXFileReference; explicitFileType = wrapper.application; includeInIndex = 0; path = CovidStats.app; sourceTree = BUILT_PRODUCTS_DIR; };
		C098813D2484476100093B52 /* AppDelegate.swift */ = {isa = PBXFileReference; lastKnownFileType = sourcecode.swift; path = AppDelegate.swift; sourceTree = "<group>"; };
		C098813F2484476100093B52 /* SceneDelegate.swift */ = {isa = PBXFileReference; lastKnownFileType = sourcecode.swift; path = SceneDelegate.swift; sourceTree = "<group>"; };
		C09881412484476100093B52 /* MainViewController.swift */ = {isa = PBXFileReference; lastKnownFileType = sourcecode.swift; path = MainViewController.swift; sourceTree = "<group>"; };
		C09881442484476100093B52 /* Base */ = {isa = PBXFileReference; lastKnownFileType = file.storyboard; name = Base; path = Base.lproj/Main.storyboard; sourceTree = "<group>"; };
		C09881462484476200093B52 /* Assets.xcassets */ = {isa = PBXFileReference; lastKnownFileType = folder.assetcatalog; path = Assets.xcassets; sourceTree = "<group>"; };
		C09881492484476200093B52 /* Base */ = {isa = PBXFileReference; lastKnownFileType = file.storyboard; name = Base; path = Base.lproj/LaunchScreen.storyboard; sourceTree = "<group>"; };
		C098814B2484476200093B52 /* Info.plist */ = {isa = PBXFileReference; lastKnownFileType = text.plist.xml; path = Info.plist; sourceTree = "<group>"; };
		C098815324844AEE00093B52 /* Countries.swift */ = {isa = PBXFileReference; lastKnownFileType = sourcecode.swift; path = Countries.swift; sourceTree = "<group>"; };
		C60CDFD655A0E8E3B13B6DDD /* Pods_CovidStats.framework */ = {isa = PBXFileReference; explicitFileType = wrapper.framework; includeInIndex = 0; path = Pods_CovidStats.framework; sourceTree = BUILT_PRODUCTS_DIR; };
/* End PBXFileReference section */

/* Begin PBXFrameworksBuildPhase section */
		C09881372484476100093B52 /* Frameworks */ = {
			isa = PBXFrameworksBuildPhase;
			buildActionMask = 2147483647;
			files = (
				2F6EC358AB563E63FD8CD60B /* Pods_CovidStats.framework in Frameworks */,
			);
			runOnlyForDeploymentPostprocessing = 0;
		};
/* End PBXFrameworksBuildPhase section */

/* Begin PBXGroup section */
		267A26166A9ADD185D8C2C86 /* Pods */ = {
			isa = PBXGroup;
			children = (
				219DDA5E9C5C36E4616F2755 /* Pods-CovidStats.debug.xcconfig */,
				07F5149E4BBBD0D31B322187 /* Pods-CovidStats.release.xcconfig */,
			);
			name = Pods;
			path = Pods;
			sourceTree = "<group>";
		};
		C09881312484476100093B52 = {
			isa = PBXGroup;
			children = (
				C098813C2484476100093B52 /* CovidStats */,
				C098813B2484476100093B52 /* Products */,
				267A26166A9ADD185D8C2C86 /* Pods */,
				DC8FD3A87EEA09642E2D2F7E /* Frameworks */,
			);
			sourceTree = "<group>";
		};
		C098813B2484476100093B52 /* Products */ = {
			isa = PBXGroup;
			children = (
				C098813A2484476100093B52 /* CovidStats.app */,
			);
			name = Products;
			sourceTree = "<group>";
		};
		C098813C2484476100093B52 /* CovidStats */ = {
			isa = PBXGroup;
			children = (
				C098813D2484476100093B52 /* AppDelegate.swift */,
				C098813F2484476100093B52 /* SceneDelegate.swift */,
				C098815224844AA400093B52 /* Model */,
				C098815124844A9600093B52 /* ViewControllers */,
				C09881432484476100093B52 /* Main.storyboard */,
				C09881462484476200093B52 /* Assets.xcassets */,
				C09881482484476200093B52 /* LaunchScreen.storyboard */,
				C098814B2484476200093B52 /* Info.plist */,
			);
			path = CovidStats;
			sourceTree = "<group>";
		};
		C098815124844A9600093B52 /* ViewControllers */ = {
			isa = PBXGroup;
			children = (
				C09881412484476100093B52 /* MainViewController.swift */,
			);
			path = ViewControllers;
			sourceTree = "<group>";
		};
		C098815224844AA400093B52 /* Model */ = {
			isa = PBXGroup;
			children = (
				C098815324844AEE00093B52 /* Countries.swift */,
			);
			path = Model;
			sourceTree = "<group>";
		};
		DC8FD3A87EEA09642E2D2F7E /* Frameworks */ = {
			isa = PBXGroup;
			children = (
				C60CDFD655A0E8E3B13B6DDD /* Pods_CovidStats.framework */,
			);
			name = Frameworks;
			sourceTree = "<group>";
		};
/* End PBXGroup section */

/* Begin PBXNativeTarget section */
		C09881392484476100093B52 /* CovidStats */ = {
			isa = PBXNativeTarget;
			buildConfigurationList = C098814E2484476200093B52 /* Build configuration list for PBXNativeTarget "CovidStats" */;
			buildPhases = (
				8582ABE554AF014700E9E71D /* [CP] Check Pods Manifest.lock */,
				C09881362484476100093B52 /* Sources */,
				C09881372484476100093B52 /* Frameworks */,
				C09881382484476100093B52 /* Resources */,
				B1434E5D01BA4E1FE8025FB5 /* [CP] Embed Pods Frameworks */,
			);
			buildRules = (
			);
			dependencies = (
			);
			name = CovidStats;
			productName = CovidStats;
			productReference = C098813A2484476100093B52 /* CovidStats.app */;
			productType = "com.apple.product-type.application";
		};
/* End PBXNativeTarget section */

/* Begin PBXProject section */
		C09881322484476100093B52 /* Project object */ = {
			isa = PBXProject;
			attributes = {
				LastSwiftUpdateCheck = 1140;
				LastUpgradeCheck = 1140;
				ORGANIZATIONNAME = "Yury Kurylovich";
				TargetAttributes = {
					C09881392484476100093B52 = {
						CreatedOnToolsVersion = 11.4;
					};
				};
			};
			buildConfigurationList = C09881352484476100093B52 /* Build configuration list for PBXProject "CovidStats" */;
			compatibilityVersion = "Xcode 9.3";
			developmentRegion = en;
			hasScannedForEncodings = 0;
			knownRegions = (
				en,
				Base,
			);
			mainGroup = C09881312484476100093B52;
			productRefGroup = C098813B2484476100093B52 /* Products */;
			projectDirPath = "";
			projectRoot = "";
			targets = (
				C09881392484476100093B52 /* CovidStats */,
			);
		};
/* End PBXProject section */

/* Begin PBXResourcesBuildPhase section */
		C09881382484476100093B52 /* Resources */ = {
			isa = PBXResourcesBuildPhase;
			buildActionMask = 2147483647;
			files = (
				C098814A2484476200093B52 /* LaunchScreen.storyboard in Resources */,
				C09881472484476200093B52 /* Assets.xcassets in Resources */,
				C09881452484476100093B52 /* Main.storyboard in Resources */,
			);
			runOnlyForDeploymentPostprocessing = 0;
		};
/* End PBXResourcesBuildPhase section */

/* Begin PBXShellScriptBuildPhase section */
		8582ABE554AF014700E9E71D /* [CP] Check Pods Manifest.lock */ = {
			isa = PBXShellScriptBuildPhase;
			buildActionMask = 2147483647;
			files = (
			);
			inputFileListPaths = (
			);
			inputPaths = (
				"${PODS_PODFILE_DIR_PATH}/Podfile.lock",
				"${PODS_ROOT}/Manifest.lock",
			);
			name = "[CP] Check Pods Manifest.lock";
			outputFileListPaths = (
			);
			outputPaths = (
				"$(DERIVED_FILE_DIR)/Pods-CovidStats-checkManifestLockResult.txt",
			);
			runOnlyForDeploymentPostprocessing = 0;
			shellPath = /bin/sh;
			shellScript = "diff \"${PODS_PODFILE_DIR_PATH}/Podfile.lock\" \"${PODS_ROOT}/Manifest.lock\" > /dev/null\nif [ $? != 0 ] ; then\n    # print error to STDERR\n    echo \"error: The sandbox is not in sync with the Podfile.lock. Run 'pod install' or update your CocoaPods installation.\" >&2\n    exit 1\nfi\n# This output is used by Xcode 'outputs' to avoid re-running this script phase.\necho \"SUCCESS\" > \"${SCRIPT_OUTPUT_FILE_0}\"\n";
			showEnvVarsInLog = 0;
		};
		B1434E5D01BA4E1FE8025FB5 /* [CP] Embed Pods Frameworks */ = {
			isa = PBXShellScriptBuildPhase;
			buildActionMask = 2147483647;
			files = (
			);
			inputFileListPaths = (
				"${PODS_ROOT}/Target Support Files/Pods-CovidStats/Pods-CovidStats-frameworks-${CONFIGURATION}-input-files.xcfilelist",
			);
			name = "[CP] Embed Pods Frameworks";
			outputFileListPaths = (
				"${PODS_ROOT}/Target Support Files/Pods-CovidStats/Pods-CovidStats-frameworks-${CONFIGURATION}-output-files.xcfilelist",
			);
			runOnlyForDeploymentPostprocessing = 0;
			shellPath = /bin/sh;
			shellScript = "\"${PODS_ROOT}/Target Support Files/Pods-CovidStats/Pods-CovidStats-frameworks.sh\"\n";
			showEnvVarsInLog = 0;
		};
/* End PBXShellScriptBuildPhase section */

/* Begin PBXSourcesBuildPhase section */
		C09881362484476100093B52 /* Sources */ = {
			isa = PBXSourcesBuildPhase;
			buildActionMask = 2147483647;
			files = (
				C09881422484476100093B52 /* MainViewController.swift in Sources */,
				C098813E2484476100093B52 /* AppDelegate.swift in Sources */,
				C098815424844AEE00093B52 /* Countries.swift in Sources */,
				C09881402484476100093B52 /* SceneDelegate.swift in Sources */,
			);
			runOnlyForDeploymentPostprocessing = 0;
		};
/* End PBXSourcesBuildPhase section */

/* Begin PBXVariantGroup section */
		C09881432484476100093B52 /* Main.storyboard */ = {
			isa = PBXVariantGroup;
			children = (
				C09881442484476100093B52 /* Base */,
			);
			name = Main.storyboard;
			sourceTree = "<group>";
		};
		C09881482484476200093B52 /* LaunchScreen.storyboard */ = {
			isa = PBXVariantGroup;
			children = (
				C09881492484476200093B52 /* Base */,
			);
			name = LaunchScreen.storyboard;
			sourceTree = "<group>";
		};
/* End PBXVariantGroup section */

/* Begin XCBuildConfiguration section */
		C098814C2484476200093B52 /* Debug */ = {
			isa = XCBuildConfiguration;
			buildSettings = {
				ALWAYS_SEARCH_USER_PATHS = NO;
				CLANG_ANALYZER_NONNULL = YES;
				CLANG_ANALYZER_NUMBER_OBJECT_CONVERSION = YES_AGGRESSIVE;
				CLANG_CXX_LANGUAGE_STANDARD = "gnu++14";
				CLANG_CXX_LIBRARY = "libc++";
				CLANG_ENABLE_MODULES = YES;
				CLANG_ENABLE_OBJC_ARC = YES;
				CLANG_ENABLE_OBJC_WEAK = YES;
				CLANG_WARN_BLOCK_CAPTURE_AUTORELEASING = YES;
				CLANG_WARN_BOOL_CONVERSION = YES;
				CLANG_WARN_COMMA = YES;
				CLANG_WARN_CONSTANT_CONVERSION = YES;
				CLANG_WARN_DEPRECATED_OBJC_IMPLEMENTATIONS = YES;
				CLANG_WARN_DIRECT_OBJC_ISA_USAGE = YES_ERROR;
				CLANG_WARN_DOCUMENTATION_COMMENTS = YES;
				CLANG_WARN_EMPTY_BODY = YES;
				CLANG_WARN_ENUM_CONVERSION = YES;
				CLANG_WARN_INFINITE_RECURSION = YES;
				CLANG_WARN_INT_CONVERSION = YES;
				CLANG_WARN_NON_LITERAL_NULL_CONVERSION = YES;
				CLANG_WARN_OBJC_IMPLICIT_RETAIN_SELF = YES;
				CLANG_WARN_OBJC_LITERAL_CONVERSION = YES;
				CLANG_WARN_OBJC_ROOT_CLASS = YES_ERROR;
				CLANG_WARN_RANGE_LOOP_ANALYSIS = YES;
				CLANG_WARN_STRICT_PROTOTYPES = YES;
				CLANG_WARN_SUSPICIOUS_MOVE = YES;
				CLANG_WARN_UNGUARDED_AVAILABILITY = YES_AGGRESSIVE;
				CLANG_WARN_UNREACHABLE_CODE = YES;
				CLANG_WARN__DUPLICATE_METHOD_MATCH = YES;
				COPY_PHASE_STRIP = NO;
				DEBUG_INFORMATION_FORMAT = dwarf;
				ENABLE_STRICT_OBJC_MSGSEND = YES;
				ENABLE_TESTABILITY = YES;
				GCC_C_LANGUAGE_STANDARD = gnu11;
				GCC_DYNAMIC_NO_PIC = NO;
				GCC_NO_COMMON_BLOCKS = YES;
				GCC_OPTIMIZATION_LEVEL = 0;
				GCC_PREPROCESSOR_DEFINITIONS = (
					"DEBUG=1",
					"$(inherited)",
				);
				GCC_WARN_64_TO_32_BIT_CONVERSION = YES;
				GCC_WARN_ABOUT_RETURN_TYPE = YES_ERROR;
				GCC_WARN_UNDECLARED_SELECTOR = YES;
				GCC_WARN_UNINITIALIZED_AUTOS = YES_AGGRESSIVE;
				GCC_WARN_UNUSED_FUNCTION = YES;
				GCC_WARN_UNUSED_VARIABLE = YES;
				IPHONEOS_DEPLOYMENT_TARGET = 13.4;
				MTL_ENABLE_DEBUG_INFO = INCLUDE_SOURCE;
				MTL_FAST_MATH = YES;
				ONLY_ACTIVE_ARCH = YES;
				SDKROOT = iphoneos;
				SWIFT_ACTIVE_COMPILATION_CONDITIONS = DEBUG;
				SWIFT_OPTIMIZATION_LEVEL = "-Onone";
			};
			name = Debug;
		};
		C098814D2484476200093B52 /* Release */ = {
			isa = XCBuildConfiguration;
			buildSettings = {
				ALWAYS_SEARCH_USER_PATHS = NO;
				CLANG_ANALYZER_NONNULL = YES;
				CLANG_ANALYZER_NUMBER_OBJECT_CONVERSION = YES_AGGRESSIVE;
				CLANG_CXX_LANGUAGE_STANDARD = "gnu++14";
				CLANG_CXX_LIBRARY = "libc++";
				CLANG_ENABLE_MODULES = YES;
				CLANG_ENABLE_OBJC_ARC = YES;
				CLANG_ENABLE_OBJC_WEAK = YES;
				CLANG_WARN_BLOCK_CAPTURE_AUTORELEASING = YES;
				CLANG_WARN_BOOL_CONVERSION = YES;
				CLANG_WARN_COMMA = YES;
				CLANG_WARN_CONSTANT_CONVERSION = YES;
				CLANG_WARN_DEPRECATED_OBJC_IMPLEMENTATIONS = YES;
				CLANG_WARN_DIRECT_OBJC_ISA_USAGE = YES_ERROR;
				CLANG_WARN_DOCUMENTATION_COMMENTS = YES;
				CLANG_WARN_EMPTY_BODY = YES;
				CLANG_WARN_ENUM_CONVERSION = YES;
				CLANG_WARN_INFINITE_RECURSION = YES;
				CLANG_WARN_INT_CONVERSION = YES;
				CLANG_WARN_NON_LITERAL_NULL_CONVERSION = YES;
				CLANG_WARN_OBJC_IMPLICIT_RETAIN_SELF = YES;
				CLANG_WARN_OBJC_LITERAL_CONVERSION = YES;
				CLANG_WARN_OBJC_ROOT_CLASS = YES_ERROR;
				CLANG_WARN_RANGE_LOOP_ANALYSIS = YES;
				CLANG_WARN_STRICT_PROTOTYPES = YES;
				CLANG_WARN_SUSPICIOUS_MOVE = YES;
				CLANG_WARN_UNGUARDED_AVAILABILITY = YES_AGGRESSIVE;
				CLANG_WARN_UNREACHABLE_CODE = YES;
				CLANG_WARN__DUPLICATE_METHOD_MATCH = YES;
				COPY_PHASE_STRIP = NO;
				DEBUG_INFORMATION_FORMAT = "dwarf-with-dsym";
				ENABLE_NS_ASSERTIONS = NO;
				ENABLE_STRICT_OBJC_MSGSEND = YES;
				GCC_C_LANGUAGE_STANDARD = gnu11;
				GCC_NO_COMMON_BLOCKS = YES;
				GCC_WARN_64_TO_32_BIT_CONVERSION = YES;
				GCC_WARN_ABOUT_RETURN_TYPE = YES_ERROR;
				GCC_WARN_UNDECLARED_SELECTOR = YES;
				GCC_WARN_UNINITIALIZED_AUTOS = YES_AGGRESSIVE;
				GCC_WARN_UNUSED_FUNCTION = YES;
				GCC_WARN_UNUSED_VARIABLE = YES;
				IPHONEOS_DEPLOYMENT_TARGET = 13.4;
				MTL_ENABLE_DEBUG_INFO = NO;
				MTL_FAST_MATH = YES;
				SDKROOT = iphoneos;
				SWIFT_COMPILATION_MODE = wholemodule;
				SWIFT_OPTIMIZATION_LEVEL = "-O";
				VALIDATE_PRODUCT = YES;
			};
			name = Release;
		};
		C098814F2484476200093B52 /* Debug */ = {
			isa = XCBuildConfiguration;
			baseConfigurationReference = 219DDA5E9C5C36E4616F2755 /* Pods-CovidStats.debug.xcconfig */;
			buildSettings = {
				ASSETCATALOG_COMPILER_APPICON_NAME = AppIcon;
				CODE_SIGN_STYLE = Automatic;
				INFOPLIST_FILE = CovidStats/Info.plist;
				LD_RUNPATH_SEARCH_PATHS = (
					"$(inherited)",
					"@executable_path/Frameworks",
				);
				PRODUCT_BUNDLE_IDENTIFIER = com.yurykurylovich.CovidStats;
				PRODUCT_NAME = "$(TARGET_NAME)";
				SWIFT_VERSION = 5.0;
				TARGETED_DEVICE_FAMILY = "1,2";
			};
			name = Debug;
		};
		C09881502484476200093B52 /* Release */ = {
			isa = XCBuildConfiguration;
			baseConfigurationReference = 07F5149E4BBBD0D31B322187 /* Pods-CovidStats.release.xcconfig */;
			buildSettings = {
				ASSETCATALOG_COMPILER_APPICON_NAME = AppIcon;
				CODE_SIGN_STYLE = Automatic;
				INFOPLIST_FILE = CovidStats/Info.plist;
				LD_RUNPATH_SEARCH_PATHS = (
					"$(inherited)",
					"@executable_path/Frameworks",
				);
				PRODUCT_BUNDLE_IDENTIFIER = com.yurykurylovich.CovidStats;
				PRODUCT_NAME = "$(TARGET_NAME)";
				SWIFT_VERSION = 5.0;
				TARGETED_DEVICE_FAMILY = "1,2";
			};
			name = Release;
		};
/* End XCBuildConfiguration section */

/* Begin XCConfigurationList section */
		C09881352484476100093B52 /* Build configuration list for PBXProject "CovidStats" */ = {
			isa = XCConfigurationList;
			buildConfigurations = (
				C098814C2484476200093B52 /* Debug */,
				C098814D2484476200093B52 /* Release */,
			);
			defaultConfigurationIsVisible = 0;
			defaultConfigurationName = Release;
		};
		C098814E2484476200093B52 /* Build configuration list for PBXNativeTarget "CovidStats" */ = {
			isa = XCConfigurationList;
			buildConfigurations = (
				C098814F2484476200093B52 /* Debug */,
				C09881502484476200093B52 /* Release */,
			);
			defaultConfigurationIsVisible = 0;
			defaultConfigurationName = Release;
		};
/* End XCConfigurationList section */
	};
	rootObject = C09881322484476100093B52 /* Project object */;
}
